{
  "name": "walraxc",
  "lockfileVersion": 3,
  "requires": true,
  "packages": {
    "": {
      "devDependencies": {
        "@mysten/prettier-plugin-move": "^0.3.5",
        "prettier": "^3.8.3"
      }
    },
    "node_modules/@mysten/prettier-plugin-move": {
      "version": "0.3.5",
      "resolved": "https://registry.npmjs.org/@mysten/prettier-plugin-move/-/prettier-plugin-move-0.3.5.tgz",
      "integrity": "sha512-PkYZkaH14OAy4S10o4SLl0odGgDHiaILEADiU06gj/MzYZAYq3wh4uCZCO8haX/Xyh2p6NfVy1sihMnUmRnE1g==",
      "dev": true,
      "license": "Apache-2.0",
      "dependencies": {
        "prettier": "^3.3.2",
        "web-tree-sitter": "^0.20.8"
      },
      "bin": {
        "prettier-move": "bin/prettier-move.js"
      }
    },
    "node_modules/prettier": {
      "version": "3.8.3",
      "resolved": "https://registry.npmjs.org/prettier/-/prettier-3.8.3.tgz",
      "integrity": "sha512-7igPTM53cGHMW8xWuVTydi2KO233VFiTNyF5hLJqpilHfmn8C8gPf+PS7dUT64YcXFbiMGZxS9pCSxL/Dxm/Jw==",
      "dev": true,
      "license": "MIT",
      "bin": {
        "prettier": "bin/prettier.cjs"
      },
      "engines": {
        "node": ">=14"
      },
      "funding": {
        "url": "https://github.com/prettier/prettier?sponsor=1"
      }
    },
    "node_modules/web-tree-sitter": {
      "version": "0.20.8",
      "resolved": "https://registry.npmjs.org/web-tree-sitter/-/web-tree-sitter-0.20.8.tgz",
      "integrity": "sha512-weOVgZ3aAARgdnb220GqYuh7+rZU0Ka9k9yfKtGAzEYMa6GgiCzW9JjQRJyCJakvibQW+dfjJdihjInKuuCAUQ==",
      "dev": true,
      "license": "MIT"
    }
  }
}
